
Microsoft Visual Studio Solution File, Format Version 12.00
# Visual Studio Version 17
VisualStudioVersion = 17.9.34728.123
MinimumVisualStudioVersion = 10.0.40219.1
Project("{FAE04EC0-301F-11D3-BF4B-00C04F79EFBC}") = "FakeStore", "FakeStore.csproj", "{7F33E626-833E-4321-9C0F-742269FBBADA}"
EndProject
Global
	GlobalSection(SolutionConfigurationPlatforms) = preSolution
		Debug|Any CPU = Debug|Any CPU
		Release|Any CPU = Release|Any CPU
	EndGlobalSection
	GlobalSection(ProjectConfigurationPlatforms) = postSolution
		{7F33E626-833E-4321-9C0F-742269FBBADA}.Debug|Any CPU.ActiveCfg = Debug|Any CPU
		{7F33E626-833E-4321-9C0F-742269FBBADA}.Debug|Any CPU.Build.0 = Debug|Any CPU
		{7F33E626-833E-4321-9C0F-742269FBBADA}.Release|Any CPU.ActiveCfg = Release|Any CPU
		{7F33E626-833E-4321-9C0F-742269FBBADA}.Release|Any CPU.Build.0 = Release|Any CPU
	EndGlobalSection
	GlobalSection(SolutionProperties) = preSolution
		HideSolutionNode = FALSE
	EndGlobalSection
	GlobalSection(ExtensibilityGlobals) = postSolution
		SolutionGuid = {200CFF49-8810-4EA0-A11F-025A18E6E2E9}
	EndGlobalSection
EndGlobal
